
Microsoft Visual Studio Solution File, Format Version 12.00
# Visual Studio Version 17
VisualStudioVersion = 17.10.35027.167
MinimumVisualStudioVersion = 10.0.40219.1
Project("{FAE04EC0-301F-11D3-BF4B-00C04F79EFBC}") = "Demo.Contracts", "Demo.Contracts\Demo.Contracts.csproj", "{D6639ECD-92EB-4ABD-AF85-E8E5A028B249}"
EndProject
Project("{FAE04EC0-301F-11D3-BF4B-00C04F79EFBC}") = "Demo.OrleansHost", "Demo.OrleansHost\Demo.OrleansHost.csproj", "{BE631232-B3E8-433D-AC7D-4CA9E3757411}"
EndProject
Project("{FAE04EC0-301F-11D3-BF4B-00C04F79EFBC}") = "Demo.Signalr", "Demo.Signalr\Demo.Signalr.csproj", "{75590948-14CE-425E-B00D-8EE01D2EBE3D}"
EndProject
Global
	GlobalSection(SolutionConfigurationPlatforms) = preSolution
		Debug|Any CPU = Debug|Any CPU
		Release|Any CPU = Release|Any CPU
	EndGlobalSection
	GlobalSection(ProjectConfigurationPlatforms) = postSolution
		{D6639ECD-92EB-4ABD-AF85-E8E5A028B249}.Debug|Any CPU.ActiveCfg = Debug|Any CPU
		{D6639ECD-92EB-4ABD-AF85-E8E5A028B249}.Debug|Any CPU.Build.0 = Debug|Any CPU
		{D6639ECD-92EB-4ABD-AF85-E8E5A028B249}.Release|Any CPU.ActiveCfg = Release|Any CPU
		{D6639ECD-92EB-4ABD-AF85-E8E5A028B249}.Release|Any CPU.Build.0 = Release|Any CPU
		{BE631232-B3E8-433D-AC7D-4CA9E3757411}.Debug|Any CPU.ActiveCfg = Debug|Any CPU
		{BE631232-B3E8-433D-AC7D-4CA9E3757411}.Debug|Any CPU.Build.0 = Debug|Any CPU
		{BE631232-B3E8-433D-AC7D-4CA9E3757411}.Release|Any CPU.ActiveCfg = Release|Any CPU
		{BE631232-B3E8-433D-AC7D-4CA9E3757411}.Release|Any CPU.Build.0 = Release|Any CPU
		{75590948-14CE-425E-B00D-8EE01D2EBE3D}.Debug|Any CPU.ActiveCfg = Debug|Any CPU
		{75590948-14CE-425E-B00D-8EE01D2EBE3D}.Debug|Any CPU.Build.0 = Debug|Any CPU
		{75590948-14CE-425E-B00D-8EE01D2EBE3D}.Release|Any CPU.ActiveCfg = Release|Any CPU
		{75590948-14CE-425E-B00D-8EE01D2EBE3D}.Release|Any CPU.Build.0 = Release|Any CPU
	EndGlobalSection
	GlobalSection(SolutionProperties) = preSolution
		HideSolutionNode = FALSE
	EndGlobalSection
	GlobalSection(ExtensibilityGlobals) = postSolution
		SolutionGuid = {CB57232D-A967-44BC-8092-D02AEBB01E1A}
	EndGlobalSection
EndGlobal
